
Microsoft Visual Studio Solution File, Format Version 12.00
# Visual Studio Version 16
VisualStudioVersion = 25.0.1700.5
MinimumVisualStudioVersion = 10.0.40219.1
Project("{FAE04EC0-301F-11D3-BF4B-00C04F79EFBC}") = "NET6.WebAPI", "NET6.WebAPI\NET6.WebAPI.csproj", "{C201D9A3-F64A-4B32-A6E8-4587BA7755A2}"
EndProject
Global
	GlobalSection(SolutionConfigurationPlatforms) = preSolution
		Debug|Any CPU = Debug|Any CPU
		Release|Any CPU = Release|Any CPU
	EndGlobalSection
	GlobalSection(ProjectConfigurationPlatforms) = postSolution
		{C201D9A3-F64A-4B32-A6E8-4587BA7755A2}.Debug|Any CPU.ActiveCfg = Debug|Any CPU
		{C201D9A3-F64A-4B32-A6E8-4587BA7755A2}.Debug|Any CPU.Build.0 = Debug|Any CPU
		{C201D9A3-F64A-4B32-A6E8-4587BA7755A2}.Release|Any CPU.ActiveCfg = Release|Any CPU
		{C201D9A3-F64A-4B32-A6E8-4587BA7755A2}.Release|Any CPU.Build.0 = Release|Any CPU
	EndGlobalSection
	GlobalSection(SolutionProperties) = preSolution
		HideSolutionNode = FALSE
	EndGlobalSection
	GlobalSection(ExtensibilityGlobals) = postSolution
		SolutionGuid = {1278FEC8-093C-424D-9035-9DA8A7A8F7FF}
	EndGlobalSection
EndGlobal
